
Microsoft Visual Studio Solution File, Format Version 12.00
# Visual Studio Version 16
VisualStudioVersion = 16.0.30611.23
MinimumVisualStudioVersion = 10.0.40219.1
Project("{FAE04EC0-301F-11D3-BF4B-00C04F79EFBC}") = "S3-webshop", "S3-webshop\S3-webshop.csproj", "{7AC417D0-95A3-48C3-944C-A2A453F6E683}"
EndProject
Global
	GlobalSection(SolutionConfigurationPlatforms) = preSolution
		Debug|Any CPU = Debug|Any CPU
		Release|Any CPU = Release|Any CPU
	EndGlobalSection
	GlobalSection(ProjectConfigurationPlatforms) = postSolution
		{7AC417D0-95A3-48C3-944C-A2A453F6E683}.Debug|Any CPU.ActiveCfg = Debug|Any CPU
		{7AC417D0-95A3-48C3-944C-A2A453F6E683}.Debug|Any CPU.Build.0 = Debug|Any CPU
		{7AC417D0-95A3-48C3-944C-A2A453F6E683}.Release|Any CPU.ActiveCfg = Release|Any CPU
		{7AC417D0-95A3-48C3-944C-A2A453F6E683}.Release|Any CPU.Build.0 = Release|Any CPU
	EndGlobalSection
	GlobalSection(SolutionProperties) = preSolution
		HideSolutionNode = FALSE
	EndGlobalSection
	GlobalSection(ExtensibilityGlobals) = postSolution
		SolutionGuid = {AD979251-A09A-456C-B2DB-3E0482F614E9}
	EndGlobalSection
EndGlobal
